{
    "_readme": [
        "This file locks the dependencies of your project to a known state",
        "Read more about it at https://getcomposer.org/doc/01-basic-usage.md#composer-lock-the-lock-file",
        "This file is @generated automatically"
    ],
    "content-hash": "83e7d2d11af7850719bfd240b23aa6d8",
    "packages": [
        {
            "name": "fleshgrinder/url-validator",
            "version": "dev-master",
            "source": {
                "type": "git",
                "url": "https://github.com/Fleshgrinder/php-url-validator.git",
                "reference": "7994026e45d9ce1612599e569ca3cc80c785acb5"
            },
            "dist": {
                "type": "zip",
                "url": "https://api.github.com/repos/Fleshgrinder/php-url-validator/zipball/7994026e45d9ce1612599e569ca3cc80c785acb5",
                "reference": "7994026e45d9ce1612599e569ca3cc80c785acb5",
                "shasum": ""
            },
            "require": {
                "ext-intl": "*",
                "php": ">=5.3"
            },
            "require-dev": {
                "phpunit/phpunit": "~4.4"
            },
            "type": "library",
            "autoload": {
                "psr-4": {
                    "Fleshgrinder\\Validator\\": [
                        "src/Fleshgrinder/Validator"
                    ]
                }
            },
            "notification-url": "https://packagist.org/downloads/",
            "license": [
                "Unlicense"
            ],
            "authors": [
                {
                    "name": "Richard Fussenegger",
                    "email": "richard@fussenegger.info",
                    "homepage": "http://richard.fussenegger.info"
                }
            ],
            "description": "A regular expression to validate URLs.",
            "keywords": [
                "regex",
                "regexp",
                "regular expression",
                "uri",
                "url",
                "validation"
            ],
            "time": "2016-03-15T19:35:48+00:00"
        },
        {
            "name": "noodlehaus/config",
            "version": "0.8.2",
            "source": {
                "type": "git",
                "url": "git@github.com:noodlehaus/config.git",
                "reference": "d1f20de192a41301aaa73cc8939f20d264b8c41a"
            },
            "dist": {
                "type": "zip",
                "url": "https://api.github.com/repos/noodlehaus/config/zipball/d1f20de192a41301aaa73cc8939f20d264b8c41a",
                "reference": "d1f20de192a41301aaa73cc8939f20d264b8c41a",
                "shasum": ""
            },
            "require": {
                "php": ">=5.3.0"
            },
            "require-dev": {
                "phpunit/phpunit": "~4.0",
                "scrutinizer/ocular": "~1.1",
                "squizlabs/php_codesniffer": "~2.2"
            },
            "suggest": {
                "symfony/yaml": "~2.5"
            },
            "type": "library",
            "autoload": {
                "psr-4": {
                    "Noodlehaus\\": "src"
                }
            },
            "notification-url": "https://packagist.org/downloads/",
            "license": [
                "MIT"
            ],
            "authors": [
                {
                    "name": "Hassan Khan",
                    "homepage": "http://hassankhan.me/",
                    "role": "Developer"
                }
            ],
            "description": "Lightweight configuration file loader that supports PHP, INI, XML, JSON, and YAML files",
            "homepage": "http://hassankhan.me/config/",
            "keywords": [
                "config",
                "configuration",
                "ini",
                "json",
                "microphp",
                "unframework",
                "xml",
                "yaml",
                "yml"
            ],
            "abandoned": true,
            "time": "2015-03-21T11:21:39+00:00"
        }
    ],
    "packages-dev": [],
    "aliases": [],
    "minimum-stability": "stable",
    "stability-flags": {
        "fleshgrinder/url-validator": 20
    },
    "prefer-stable": false,
    "prefer-lowest": false,
    "platform": [],
    "platform-dev": []
}
